Microsoft Visual Studio Solution File, Format Version 12.00
# Visual Studio Version 17
VisualStudioVersion = 17.5.2.0
MinimumVisualStudioVersion = 10.0.40219.1
Project("{FAE04EC0-301F-11D3-BF4B-00C04F79EFBC}") = "ProductList", "ProductList.csproj", "{18D9F2EF-3BFC-75B5-28E8-ACA0A53B5A69}"
EndProject
Global
	GlobalSection(SolutionConfigurationPlatforms) = preSolution
		Debug|Any CPU = Debug|Any CPU
		Release|Any CPU = Release|Any CPU
	EndGlobalSection
	GlobalSection(ProjectConfigurationPlatforms) = postSolution
		{18D9F2EF-3BFC-75B5-28E8-ACA0A53B5A69}.Debug|Any CPU.ActiveCfg = Debug|Any CPU
		{18D9F2EF-3BFC-75B5-28E8-ACA0A53B5A69}.Debug|Any CPU.Build.0 = Debug|Any CPU
		{18D9F2EF-3BFC-75B5-28E8-ACA0A53B5A69}.Release|Any CPU.ActiveCfg = Release|Any CPU
		{18D9F2EF-3BFC-75B5-28E8-ACA0A53B5A69}.Release|Any CPU.Build.0 = Release|Any CPU
	EndGlobalSection
	GlobalSection(SolutionProperties) = preSolution
		HideSolutionNode = FALSE
	EndGlobalSection
	GlobalSection(ExtensibilityGlobals) = postSolution
		SolutionGuid = {E868B370-91A8-4F54-85EB-A69C04E45224}
	EndGlobalSection
EndGlobal
